// !$*UTF8*$!
{
	archiveVersion = 1;
	classes = {
	};
	objectVersion = 56;
	objects = {

/* Begin PBXBuildFile section */
		0A354CEB29D26429000835E1 /* AppDelegate.swift in Sources */ = {isa = PBXBuildFile; fileRef = 0A354CEA29D26429000835E1 /* AppDelegate.swift */; };
		0A354CED29D26429000835E1 /* SceneDelegate.swift in Sources */ = {isa = PBXBuildFile; fileRef = 0A354CEC29D26429000835E1 /* SceneDelegate.swift */; };
		0A354CEF29D26429000835E1 /* ViewController.swift in Sources */ = {isa = PBXBuildFile; fileRef = 0A354CEE29D26429000835E1 /* ViewController.swift */; };
		0A354CF429D2642C000835E1 /* Assets.xcassets in Resources */ = {isa = PBXBuildFile; fileRef = 0A354CF329D2642C000835E1 /* Assets.xcassets */; };
		0A354CF729D2642C000835E1 /* LaunchScreen.storyboard in Resources */ = {isa = PBXBuildFile; fileRef = 0A354CF529D2642C000835E1 /* LaunchScreen.storyboard */; };
		0A354D0129D26EBC000835E1 /* signupViewController.swift in Sources */ = {isa = PBXBuildFile; fileRef = 0A354D0029D26EBC000835E1 /* signupViewController.swift */; };
		0A354D0329D26FB3000835E1 /* loginViewController.swift in Sources */ = {isa = PBXBuildFile; fileRef = 0A354D0229D26FB3000835E1 /* loginViewController.swift */; };
		0A354D0529D43193000835E1 /* TabsViewController.swift in Sources */ = {isa = PBXBuildFile; fileRef = 0A354D0429D43193000835E1 /* TabsViewController.swift */; };
		0A354D0729D450BE000835E1 /* FavoriteViewController.swift in Sources */ = {isa = PBXBuildFile; fileRef = 0A354D0629D450BE000835E1 /* FavoriteViewController.swift */; };
		0A354D0929D45188000835E1 /* ProfileViewController.swift in Sources */ = {isa = PBXBuildFile; fileRef = 0A354D0829D45188000835E1 /* ProfileViewController.swift */; };
		0A354D0B29D451DC000835E1 /* MainViewController.swift in Sources */ = {isa = PBXBuildFile; fileRef = 0A354D0A29D451DC000835E1 /* MainViewController.swift */; };
		0A354D0F29D4551C000835E1 /* Main.storyboard in Resources */ = {isa = PBXBuildFile; fileRef = 0A354D0E29D4551C000835E1 /* Main.storyboard */; };
		0A354D1229D49AC2000835E1 /* MoviesModel.swift in Sources */ = {isa = PBXBuildFile; fileRef = 0A354D1129D49AC2000835E1 /* MoviesModel.swift */; };
		0A354D1529D49B3D000835E1 /* NetworkService.swift in Sources */ = {isa = PBXBuildFile; fileRef = 0A354D1429D49B3D000835E1 /* NetworkService.swift */; };
		0A354D1929D584F8000835E1 /* CustomCollectionViewCell.swift in Sources */ = {isa = PBXBuildFile; fileRef = 0A354D1829D584F8000835E1 /* CustomCollectionViewCell.swift */; };
		0A4243E629F003FC00FA56F6 /* DetailsViewController.swift in Sources */ = {isa = PBXBuildFile; fileRef = 0A4243E529F003FC00FA56F6 /* DetailsViewController.swift */; };
		0A59FC2F2A0A7955001081FC /* GoogleService-Info.plist in Resources */ = {isa = PBXBuildFile; fileRef = 0A59FC2E2A0A7955001081FC /* GoogleService-Info.plist */; };
		D7C2F550EC85151F10D862E1 /* Pods_VoioDenisKobylkovTest.framework in Frameworks */ = {isa = PBXBuildFile; fileRef = 9837FB156D66DD38F77E6BB0 /* Pods_VoioDenisKobylkovTest.framework */; };
/* End PBXBuildFile section */

/* Begin PBXFileReference section */
		07C8BAF7F574F149B5187F76 /* Pods-VoioDenisKobylkovTest.release.xcconfig */ = {isa = PBXFileReference; includeInIndex = 1; lastKnownFileType = text.xcconfig; name = "Pods-VoioDenisKobylkovTest.release.xcconfig"; path = "Target Support Files/Pods-VoioDenisKobylkovTest/Pods-VoioDenisKobylkovTest.release.xcconfig"; sourceTree = "<group>"; };
		0A354CE729D26429000835E1 /* VoioDenisKobylkovTest.app */ = {isa = PBXFileReference; explicitFileType = wrapper.application; includeInIndex = 0; path = VoioDenisKobylkovTest.app; sourceTree = BUILT_PRODUCTS_DIR; };
		0A354CEA29D26429000835E1 /* AppDelegate.swift */ = {isa = PBXFileReference; lastKnownFileType = sourcecode.swift; path = AppDelegate.swift; sourceTree = "<group>"; };
		0A354CEC29D26429000835E1 /* SceneDelegate.swift */ = {isa = PBXFileReference; lastKnownFileType = sourcecode.swift; path = SceneDelegate.swift; sourceTree = "<group>"; };
		0A354CEE29D26429000835E1 /* ViewController.swift */ = {isa = PBXFileReference; lastKnownFileType = sourcecode.swift; path = ViewController.swift; sourceTree = "<group>"; };
		0A354CF329D2642C000835E1 /* Assets.xcassets */ = {isa = PBXFileReference; lastKnownFileType = folder.assetcatalog; path = Assets.xcassets; sourceTree = "<group>"; };
		0A354CF629D2642C000835E1 /* Base */ = {isa = PBXFileReference; lastKnownFileType = file.storyboard; name = Base; path = Base.lproj/LaunchScreen.storyboard; sourceTree = "<group>"; };
		0A354CF829D2642C000835E1 /* Info.plist */ = {isa = PBXFileReference; lastKnownFileType = text.plist.xml; path = Info.plist; sourceTree = "<group>"; };
		0A354D0029D26EBC000835E1 /* signupViewController.swift */ = {isa = PBXFileReference; lastKnownFileType = sourcecode.swift; path = signupViewController.swift; sourceTree = "<group>"; };
		0A354D0229D26FB3000835E1 /* loginViewController.swift */ = {isa = PBXFileReference; lastKnownFileType = sourcecode.swift; path = loginViewController.swift; sourceTree = "<group>"; };
		0A354D0429D43193000835E1 /* TabsViewController.swift */ = {isa = PBXFileReference; lastKnownFileType = sourcecode.swift; path = TabsViewController.swift; sourceTree = "<group>"; };
		0A354D0629D450BE000835E1 /* FavoriteViewController.swift */ = {isa = PBXFileReference; lastKnownFileType = sourcecode.swift; path = FavoriteViewController.swift; sourceTree = "<group>"; };
		0A354D0829D45188000835E1 /* ProfileViewController.swift */ = {isa = PBXFileReference; lastKnownFileType = sourcecode.swift; path = ProfileViewController.swift; sourceTree = "<group>"; };
		0A354D0A29D451DC000835E1 /* MainViewController.swift */ = {isa = PBXFileReference; lastKnownFileType = sourcecode.swift; path = MainViewController.swift; sourceTree = "<group>"; };
		0A354D0E29D4551C000835E1 /* Main.storyboard */ = {isa = PBXFileReference; lastKnownFileType = file.storyboard; path = Main.storyboard; sourceTree = "<group>"; };
		0A354D1129D49AC2000835E1 /* MoviesModel.swift */ = {isa = PBXFileReference; lastKnownFileType = sourcecode.swift; path = MoviesModel.swift; sourceTree = "<group>"; };
		0A354D1429D49B3D000835E1 /* NetworkService.swift */ = {isa = PBXFileReference; lastKnownFileType = sourcecode.swift; path = NetworkService.swift; sourceTree = "<group>"; };
		0A354D1829D584F8000835E1 /* CustomCollectionViewCell.swift */ = {isa = PBXFileReference; lastKnownFileType = sourcecode.swift; path = CustomCollectionViewCell.swift; sourceTree = "<group>"; };
		0A4243E529F003FC00FA56F6 /* DetailsViewController.swift */ = {isa = PBXFileReference; lastKnownFileType = sourcecode.swift; path = DetailsViewController.swift; sourceTree = "<group>"; };
		0A59FC2E2A0A7955001081FC /* GoogleService-Info.plist */ = {isa = PBXFileReference; fileEncoding = 4; lastKnownFileType = text.plist.xml; name = "GoogleService-Info.plist"; path = "../../../../Users/deniskobylkov/Downloads/GoogleService-Info.plist"; sourceTree = "<group>"; };
		3BA45E8D858E04B181B19EBE /* Pods-VoioDenisKobylkovTest.debug.xcconfig */ = {isa = PBXFileReference; includeInIndex = 1; lastKnownFileType = text.xcconfig; name = "Pods-VoioDenisKobylkovTest.debug.xcconfig"; path = "Target Support Files/Pods-VoioDenisKobylkovTest/Pods-VoioDenisKobylkovTest.debug.xcconfig"; sourceTree = "<group>"; };
		9837FB156D66DD38F77E6BB0 /* Pods_VoioDenisKobylkovTest.framework */ = {isa = PBXFileReference; explicitFileType = wrapper.framework; includeInIndex = 0; path = Pods_VoioDenisKobylkovTest.framework; sourceTree = BUILT_PRODUCTS_DIR; };
/* End PBXFileReference section */

/* Begin PBXFrameworksBuildPhase section */
		0A354CE429D26429000835E1 /* Frameworks */ = {
			isa = PBXFrameworksBuildPhase;
			buildActionMask = 2147483647;
			files = (
				D7C2F550EC85151F10D862E1 /* Pods_VoioDenisKobylkovTest.framework in Frameworks */,
			);
			runOnlyForDeploymentPostprocessing = 0;
		};
/* End PBXFrameworksBuildPhase section */

/* Begin PBXGroup section */
		0A354CDE29D26429000835E1 = {
			isa = PBXGroup;
			children = (
				0A354CE929D26429000835E1 /* VoioDenisKobylkovTest */,
				0A354CE829D26429000835E1 /* Products */,
				EF0633A083D70E1528DD3046 /* Pods */,
				B90BFD8BE28D3B47A500C466 /* Frameworks */,
			);
			sourceTree = "<group>";
		};
		0A354CE829D26429000835E1 /* Products */ = {
			isa = PBXGroup;
			children = (
				0A354CE729D26429000835E1 /* VoioDenisKobylkovTest.app */,
			);
			name = Products;
			sourceTree = "<group>";
		};
		0A354CE929D26429000835E1 /* VoioDenisKobylkovTest */ = {
			isa = PBXGroup;
			children = (
				0A354D1329D49B29000835E1 /* Network */,
				0A354D1029D49AA9000835E1 /* Models */,
				0A354D0D29D4527C000835E1 /* Resources */,
				0A354D0C29D45241000835E1 /* Controllers */,
				0A354CF829D2642C000835E1 /* Info.plist */,
				0A354D0E29D4551C000835E1 /* Main.storyboard */,
				0A59FC2E2A0A7955001081FC /* GoogleService-Info.plist */,
			);
			path = VoioDenisKobylkovTest;
			sourceTree = "<group>";
		};
		0A354D0C29D45241000835E1 /* Controllers */ = {
			isa = PBXGroup;
			children = (
				0A354CEE29D26429000835E1 /* ViewController.swift */,
				0A354D0029D26EBC000835E1 /* signupViewController.swift */,
				0A354D0229D26FB3000835E1 /* loginViewController.swift */,
				0A354D0429D43193000835E1 /* TabsViewController.swift */,
				0A354D0629D450BE000835E1 /* FavoriteViewController.swift */,
				0A354D0829D45188000835E1 /* ProfileViewController.swift */,
				0A354D0A29D451DC000835E1 /* MainViewController.swift */,
				0A354D1829D584F8000835E1 /* CustomCollectionViewCell.swift */,
				0A4243E529F003FC00FA56F6 /* DetailsViewController.swift */,
			);
			path = Controllers;
			sourceTree = "<group>";
		};
		0A354D0D29D4527C000835E1 /* Resources */ = {
			isa = PBXGroup;
			children = (
				0A354CF529D2642C000835E1 /* LaunchScreen.storyboard */,
				0A354CF329D2642C000835E1 /* Assets.xcassets */,
				0A354CEA29D26429000835E1 /* AppDelegate.swift */,
				0A354CEC29D26429000835E1 /* SceneDelegate.swift */,
			);
			path = Resources;
			sourceTree = "<group>";
		};
		0A354D1029D49AA9000835E1 /* Models */ = {
			isa = PBXGroup;
			children = (
				0A354D1129D49AC2000835E1 /* MoviesModel.swift */,
			);
			path = Models;
			sourceTree = "<group>";
		};
		0A354D1329D49B29000835E1 /* Network */ = {
			isa = PBXGroup;
			children = (
				0A354D1429D49B3D000835E1 /* NetworkService.swift */,
			);
			path = Network;
			sourceTree = "<group>";
		};
		B90BFD8BE28D3B47A500C466 /* Frameworks */ = {
			isa = PBXGroup;
			children = (
				9837FB156D66DD38F77E6BB0 /* Pods_VoioDenisKobylkovTest.framework */,
			);
			name = Frameworks;
			sourceTree = "<group>";
		};
		EF0633A083D70E1528DD3046 /* Pods */ = {
			isa = PBXGroup;
			children = (
				3BA45E8D858E04B181B19EBE /* Pods-VoioDenisKobylkovTest.debug.xcconfig */,
				07C8BAF7F574F149B5187F76 /* Pods-VoioDenisKobylkovTest.release.xcconfig */,
			);
			path = Pods;
			sourceTree = "<group>";
		};
/* End PBXGroup section */

/* Begin PBXNativeTarget section */
		0A354CE629D26429000835E1 /* VoioDenisKobylkovTest */ = {
			isa = PBXNativeTarget;
			buildConfigurationList = 0A354CFB29D2642C000835E1 /* Build configuration list for PBXNativeTarget "VoioDenisKobylkovTest" */;
			buildPhases = (
				1B1C7D3450D1EC5A49EB7AB0 /* [CP] Check Pods Manifest.lock */,
				0A354CE329D26429000835E1 /* Sources */,
				0A354CE429D26429000835E1 /* Frameworks */,
				0A354CE529D26429000835E1 /* Resources */,
				8E364991AB2917FF33F60B3A /* [CP] Embed Pods Frameworks */,
			);
			buildRules = (
			);
			dependencies = (
			);
			name = VoioDenisKobylkovTest;
			productName = VoioDenisKobylkovTest;
			productReference = 0A354CE729D26429000835E1 /* VoioDenisKobylkovTest.app */;
			productType = "com.apple.product-type.application";
		};
/* End PBXNativeTarget section */

/* Begin PBXProject section */
		0A354CDF29D26429000835E1 /* Project object */ = {
			isa = PBXProject;
			attributes = {
				BuildIndependentTargetsInParallel = 1;
				LastSwiftUpdateCheck = 1420;
				LastUpgradeCheck = 1420;
				TargetAttributes = {
					0A354CE629D26429000835E1 = {
						CreatedOnToolsVersion = 14.2;
					};
				};
			};
			buildConfigurationList = 0A354CE229D26429000835E1 /* Build configuration list for PBXProject "VoioDenisKobylkovTest" */;
			compatibilityVersion = "Xcode 14.0";
			developmentRegion = en;
			hasScannedForEncodings = 0;
			knownRegions = (
				en,
				Base,
			);
			mainGroup = 0A354CDE29D26429000835E1;
			productRefGroup = 0A354CE829D26429000835E1 /* Products */;
			projectDirPath = "";
			projectRoot = "";
			targets = (
				0A354CE629D26429000835E1 /* VoioDenisKobylkovTest */,
			);
		};
/* End PBXProject section */

/* Begin PBXResourcesBuildPhase section */
		0A354CE529D26429000835E1 /* Resources */ = {
			isa = PBXResourcesBuildPhase;
			buildActionMask = 2147483647;
			files = (
				0A354CF729D2642C000835E1 /* LaunchScreen.storyboard in Resources */,
				0A59FC2F2A0A7955001081FC /* GoogleService-Info.plist in Resources */,
				0A354CF429D2642C000835E1 /* Assets.xcassets in Resources */,
				0A354D0F29D4551C000835E1 /* Main.storyboard in Resources */,
			);
			runOnlyForDeploymentPostprocessing = 0;
		};
/* End PBXResourcesBuildPhase section */

/* Begin PBXShellScriptBuildPhase section */
		1B1C7D3450D1EC5A49EB7AB0 /* [CP] Check Pods Manifest.lock */ = {
			isa = PBXShellScriptBuildPhase;
			buildActionMask = 2147483647;
			files = (
			);
			inputFileListPaths = (
			);
			inputPaths = (
				"${PODS_PODFILE_DIR_PATH}/Podfile.lock",
				"${PODS_ROOT}/Manifest.lock",
			);
			name = "[CP] Check Pods Manifest.lock";
			outputFileListPaths = (
			);
			outputPaths = (
				"$(DERIVED_FILE_DIR)/Pods-VoioDenisKobylkovTest-checkManifestLockResult.txt",
			);
			runOnlyForDeploymentPostprocessing = 0;
			shellPath = /bin/sh;
			shellScript = "diff \"${PODS_PODFILE_DIR_PATH}/Podfile.lock\" \"${PODS_ROOT}/Manifest.lock\" > /dev/null\nif [ $? != 0 ] ; then\n    # print error to STDERR\n    echo \"error: The sandbox is not in sync with the Podfile.lock. Run 'pod install' or update your CocoaPods installation.\" >&2\n    exit 1\nfi\n# This output is used by Xcode 'outputs' to avoid re-running this script phase.\necho \"SUCCESS\" > \"${SCRIPT_OUTPUT_FILE_0}\"\n";
			showEnvVarsInLog = 0;
		};
		8E364991AB2917FF33F60B3A /* [CP] Embed Pods Frameworks */ = {
			isa = PBXShellScriptBuildPhase;
			buildActionMask = 2147483647;
			files = (
			);
			inputFileListPaths = (
				"${PODS_ROOT}/Target Support Files/Pods-VoioDenisKobylkovTest/Pods-VoioDenisKobylkovTest-frameworks-${CONFIGURATION}-input-files.xcfilelist",
			);
			name = "[CP] Embed Pods Frameworks";
			outputFileListPaths = (
				"${PODS_ROOT}/Target Support Files/Pods-VoioDenisKobylkovTest/Pods-VoioDenisKobylkovTest-frameworks-${CONFIGURATION}-output-files.xcfilelist",
			);
			runOnlyForDeploymentPostprocessing = 0;
			shellPath = /bin/sh;
			shellScript = "\"${PODS_ROOT}/Target Support Files/Pods-VoioDenisKobylkovTest/Pods-VoioDenisKobylkovTest-frameworks.sh\"\n";
			showEnvVarsInLog = 0;
		};
/* End PBXShellScriptBuildPhase section */

/* Begin PBXSourcesBuildPhase section */
		0A354CE329D26429000835E1 /* Sources */ = {
			isa = PBXSourcesBuildPhase;
			buildActionMask = 2147483647;
			files = (
				0A354D0B29D451DC000835E1 /* MainViewController.swift in Sources */,
				0A354CEF29D26429000835E1 /* ViewController.swift in Sources */,
				0A354D1229D49AC2000835E1 /* MoviesModel.swift in Sources */,
				0A354CEB29D26429000835E1 /* AppDelegate.swift in Sources */,
				0A354D0129D26EBC000835E1 /* signupViewController.swift in Sources */,
				0A354D0729D450BE000835E1 /* FavoriteViewController.swift in Sources */,
				0A354D1929D584F8000835E1 /* CustomCollectionViewCell.swift in Sources */,
				0A354D0529D43193000835E1 /* TabsViewController.swift in Sources */,
				0A354CED29D26429000835E1 /* SceneDelegate.swift in Sources */,
				0A354D1529D49B3D000835E1 /* NetworkService.swift in Sources */,
				0A354D0929D45188000835E1 /* ProfileViewController.swift in Sources */,
				0A4243E629F003FC00FA56F6 /* DetailsViewController.swift in Sources */,
				0A354D0329D26FB3000835E1 /* loginViewController.swift in Sources */,
			);
			runOnlyForDeploymentPostprocessing = 0;
		};
/* End PBXSourcesBuildPhase section */

/* Begin PBXVariantGroup section */
		0A354CF529D2642C000835E1 /* LaunchScreen.storyboard */ = {
			isa = PBXVariantGroup;
			children = (
				0A354CF629D2642C000835E1 /* Base */,
			);
			name = LaunchScreen.storyboard;
			sourceTree = "<group>";
		};
/* End PBXVariantGroup section */

/* Begin XCBuildConfiguration section */
		0A354CF929D2642C000835E1 /* Debug */ = {
			isa = XCBuildConfiguration;
			buildSettings = {
				ALWAYS_SEARCH_USER_PATHS = NO;
				CLANG_ANALYZER_NONNULL = YES;
				CLANG_ANALYZER_NUMBER_OBJECT_CONVERSION = YES_AGGRESSIVE;
				CLANG_CXX_LANGUAGE_STANDARD = "gnu++20";
				CLANG_ENABLE_MODULES = YES;
				CLANG_ENABLE_OBJC_ARC = YES;
				CLANG_ENABLE_OBJC_WEAK = YES;
				CLANG_WARN_BLOCK_CAPTURE_AUTORELEASING = YES;
				CLANG_WARN_BOOL_CONVERSION = YES;
				CLANG_WARN_COMMA = YES;
				CLANG_WARN_CONSTANT_CONVERSION = YES;
				CLANG_WARN_DEPRECATED_OBJC_IMPLEMENTATIONS = YES;
				CLANG_WARN_DIRECT_OBJC_ISA_USAGE = YES_ERROR;
				CLANG_WARN_DOCUMENTATION_COMMENTS = YES;
				CLANG_WARN_EMPTY_BODY = YES;
				CLANG_WARN_ENUM_CONVERSION = YES;
				CLANG_WARN_INFINITE_RECURSION = YES;
				CLANG_WARN_INT_CONVERSION = YES;
				CLANG_WARN_NON_LITERAL_NULL_CONVERSION = YES;
				CLANG_WARN_OBJC_IMPLICIT_RETAIN_SELF = YES;
				CLANG_WARN_OBJC_LITERAL_CONVERSION = YES;
				CLANG_WARN_OBJC_ROOT_CLASS = YES_ERROR;
				CLANG_WARN_QUOTED_INCLUDE_IN_FRAMEWORK_HEADER = YES;
				CLANG_WARN_RANGE_LOOP_ANALYSIS = YES;
				CLANG_WARN_STRICT_PROTOTYPES = YES;
				CLANG_WARN_SUSPICIOUS_MOVE = YES;
				CLANG_WARN_UNGUARDED_AVAILABILITY = YES_AGGRESSIVE;
				CLANG_WARN_UNREACHABLE_CODE = YES;
				CLANG_WARN__DUPLICATE_METHOD_MATCH = YES;
				COPY_PHASE_STRIP = NO;
				DEBUG_INFORMATION_FORMAT = dwarf;
				ENABLE_STRICT_OBJC_MSGSEND = YES;
				ENABLE_TESTABILITY = YES;
				GCC_C_LANGUAGE_STANDARD = gnu11;
				GCC_DYNAMIC_NO_PIC = NO;
				GCC_NO_COMMON_BLOCKS = YES;
				GCC_OPTIMIZATION_LEVEL = 0;
				GCC_PREPROCESSOR_DEFINITIONS = (
					"DEBUG=1",
					"$(inherited)",
				);
				GCC_WARN_64_TO_32_BIT_CONVERSION = YES;
				GCC_WARN_ABOUT_RETURN_TYPE = YES_ERROR;
				GCC_WARN_UNDECLARED_SELECTOR = YES;
				GCC_WARN_UNINITIALIZED_AUTOS = YES_AGGRESSIVE;
				GCC_WARN_UNUSED_FUNCTION = YES;
				GCC_WARN_UNUSED_VARIABLE = YES;
				IPHONEOS_DEPLOYMENT_TARGET = 16.2;
				MTL_ENABLE_DEBUG_INFO = INCLUDE_SOURCE;
				MTL_FAST_MATH = YES;
				ONLY_ACTIVE_ARCH = YES;
				SDKROOT = iphoneos;
				SWIFT_ACTIVE_COMPILATION_CONDITIONS = DEBUG;
				SWIFT_OPTIMIZATION_LEVEL = "-Onone";
			};
			name = Debug;
		};
		0A354CFA29D2642C000835E1 /* Release */ = {
			isa = XCBuildConfiguration;
			buildSettings = {
				ALWAYS_SEARCH_USER_PATHS = NO;
				CLANG_ANALYZER_NONNULL = YES;
				CLANG_ANALYZER_NUMBER_OBJECT_CONVERSION = YES_AGGRESSIVE;
				CLANG_CXX_LANGUAGE_STANDARD = "gnu++20";
				CLANG_ENABLE_MODULES = YES;
				CLANG_ENABLE_OBJC_ARC = YES;
				CLANG_ENABLE_OBJC_WEAK = YES;
				CLANG_WARN_BLOCK_CAPTURE_AUTORELEASING = YES;
				CLANG_WARN_BOOL_CONVERSION = YES;
				CLANG_WARN_COMMA = YES;
				CLANG_WARN_CONSTANT_CONVERSION = YES;
				CLANG_WARN_DEPRECATED_OBJC_IMPLEMENTATIONS = YES;
				CLANG_WARN_DIRECT_OBJC_ISA_USAGE = YES_ERROR;
				CLANG_WARN_DOCUMENTATION_COMMENTS = YES;
				CLANG_WARN_EMPTY_BODY = YES;
				CLANG_WARN_ENUM_CONVERSION = YES;
				CLANG_WARN_INFINITE_RECURSION = YES;
				CLANG_WARN_INT_CONVERSION = YES;
				CLANG_WARN_NON_LITERAL_NULL_CONVERSION = YES;
				CLANG_WARN_OBJC_IMPLICIT_RETAIN_SELF = YES;
				CLANG_WARN_OBJC_LITERAL_CONVERSION = YES;
				CLANG_WARN_OBJC_ROOT_CLASS = YES_ERROR;
				CLANG_WARN_QUOTED_INCLUDE_IN_FRAMEWORK_HEADER = YES;
				CLANG_WARN_RANGE_LOOP_ANALYSIS = YES;
				CLANG_WARN_STRICT_PROTOTYPES = YES;
				CLANG_WARN_SUSPICIOUS_MOVE = YES;
				CLANG_WARN_UNGUARDED_AVAILABILITY = YES_AGGRESSIVE;
				CLANG_WARN_UNREACHABLE_CODE = YES;
				CLANG_WARN__DUPLICATE_METHOD_MATCH = YES;
				COPY_PHASE_STRIP = NO;
				DEBUG_INFORMATION_FORMAT = "dwarf-with-dsym";
				ENABLE_NS_ASSERTIONS = NO;
				ENABLE_STRICT_OBJC_MSGSEND = YES;
				GCC_C_LANGUAGE_STANDARD = gnu11;
				GCC_NO_COMMON_BLOCKS = YES;
				GCC_WARN_64_TO_32_BIT_CONVERSION = YES;
				GCC_WARN_ABOUT_RETURN_TYPE = YES_ERROR;
				GCC_WARN_UNDECLARED_SELECTOR = YES;
				GCC_WARN_UNINITIALIZED_AUTOS = YES_AGGRESSIVE;
				GCC_WARN_UNUSED_FUNCTION = YES;
				GCC_WARN_UNUSED_VARIABLE = YES;
				IPHONEOS_DEPLOYMENT_TARGET = 16.2;
				MTL_ENABLE_DEBUG_INFO = NO;
				MTL_FAST_MATH = YES;
				SDKROOT = iphoneos;
				SWIFT_COMPILATION_MODE = wholemodule;
				SWIFT_OPTIMIZATION_LEVEL = "-O";
				VALIDATE_PRODUCT = YES;
			};
			name = Release;
		};
		0A354CFC29D2642C000835E1 /* Debug */ = {
			isa = XCBuildConfiguration;
			baseConfigurationReference = 3BA45E8D858E04B181B19EBE /* Pods-VoioDenisKobylkovTest.debug.xcconfig */;
			buildSettings = {
				ASSETCATALOG_COMPILER_APPICON_NAME = AppIcon;
				ASSETCATALOG_COMPILER_GLOBAL_ACCENT_COLOR_NAME = AccentColor;
				CODE_SIGN_STYLE = Automatic;
				CURRENT_PROJECT_VERSION = 1;
				DEVELOPMENT_TEAM = 954P7P78D3;
				GENERATE_INFOPLIST_FILE = YES;
				INFOPLIST_FILE = VoioDenisKobylkovTest/Info.plist;
				INFOPLIST_KEY_UIApplicationSupportsIndirectInputEvents = YES;
				INFOPLIST_KEY_UILaunchStoryboardName = LaunchScreen;
				INFOPLIST_KEY_UIStatusBarStyle = "";
				INFOPLIST_KEY_UISupportedInterfaceOrientations = UIInterfaceOrientationPortrait;
				INFOPLIST_KEY_UISupportedInterfaceOrientations_iPad = "UIInterfaceOrientationLandscapeLeft UIInterfaceOrientationLandscapeRight UIInterfaceOrientationPortrait";
				IPHONEOS_DEPLOYMENT_TARGET = 15.0;
				LD_RUNPATH_SEARCH_PATHS = (
					"$(inherited)",
					"@executable_path/Frameworks",
				);
				MARKETING_VERSION = 1.0;
				PRODUCT_BUNDLE_IDENTIFIER = "denis-kobylkov.VoioDenisKobylkovTest";
				PRODUCT_NAME = "$(TARGET_NAME)";
				SWIFT_EMIT_LOC_STRINGS = YES;
				SWIFT_VERSION = 5.0;
				TARGETED_DEVICE_FAMILY = 1;
			};
			name = Debug;
		};
		0A354CFD29D2642C000835E1 /* Release */ = {
			isa = XCBuildConfiguration;
			baseConfigurationReference = 07C8BAF7F574F149B5187F76 /* Pods-VoioDenisKobylkovTest.release.xcconfig */;
			buildSettings = {
				ASSETCATALOG_COMPILER_APPICON_NAME = AppIcon;
				ASSETCATALOG_COMPILER_GLOBAL_ACCENT_COLOR_NAME = AccentColor;
				CODE_SIGN_STYLE = Automatic;
				CURRENT_PROJECT_VERSION = 1;
				DEVELOPMENT_TEAM = 954P7P78D3;
				GENERATE_INFOPLIST_FILE = YES;
				INFOPLIST_FILE = VoioDenisKobylkovTest/Info.plist;
				INFOPLIST_KEY_UIApplicationSupportsIndirectInputEvents = YES;
				INFOPLIST_KEY_UILaunchStoryboardName = LaunchScreen;
				INFOPLIST_KEY_UIStatusBarStyle = "";
				INFOPLIST_KEY_UISupportedInterfaceOrientations = UIInterfaceOrientationPortrait;
				INFOPLIST_KEY_UISupportedInterfaceOrientations_iPad = "UIInterfaceOrientationLandscapeLeft UIInterfaceOrientationLandscapeRight UIInterfaceOrientationPortrait";
				IPHONEOS_DEPLOYMENT_TARGET = 15.0;
				LD_RUNPATH_SEARCH_PATHS = (
					"$(inherited)",
					"@executable_path/Frameworks",
				);
				MARKETING_VERSION = 1.0;
				PRODUCT_BUNDLE_IDENTIFIER = "denis-kobylkov.VoioDenisKobylkovTest";
				PRODUCT_NAME = "$(TARGET_NAME)";
				SWIFT_EMIT_LOC_STRINGS = YES;
				SWIFT_VERSION = 5.0;
				TARGETED_DEVICE_FAMILY = 1;
			};
			name = Release;
		};
/* End XCBuildConfiguration section */

/* Begin XCConfigurationList section */
		0A354CE229D26429000835E1 /* Build configuration list for PBXProject "VoioDenisKobylkovTest" */ = {
			isa = XCConfigurationList;
			buildConfigurations = (
				0A354CF929D2642C000835E1 /* Debug */,
				0A354CFA29D2642C000835E1 /* Release */,
			);
			defaultConfigurationIsVisible = 0;
			defaultConfigurationName = Release;
		};
		0A354CFB29D2642C000835E1 /* Build configuration list for PBXNativeTarget "VoioDenisKobylkovTest" */ = {
			isa = XCConfigurationList;
			buildConfigurations = (
				0A354CFC29D2642C000835E1 /* Debug */,
				0A354CFD29D2642C000835E1 /* Release */,
			);
			defaultConfigurationIsVisible = 0;
			defaultConfigurationName = Release;
		};
/* End XCConfigurationList section */
	};
	rootObject = 0A354CDF29D26429000835E1 /* Project object */;
}
